
Microsoft Visual Studio Solution File, Format Version 12.00
# Visual Studio Version 16
VisualStudioVersion = 16.0.29409.12
MinimumVisualStudioVersion = 10.0.40219.1
Project("{FAE04EC0-301F-11D3-BF4B-00C04F79EFBC}") = "BankAccount", "BankAccount\BankAccount.csproj", "{286F6385-CC38-4006-84C9-28A69AE3271B}"
EndProject
Global
	GlobalSection(SolutionConfigurationPlatforms) = preSolution
		Debug|Any CPU = Debug|Any CPU
		Release|Any CPU = Release|Any CPU
	EndGlobalSection
	GlobalSection(ProjectConfigurationPlatforms) = postSolution
		{286F6385-CC38-4006-84C9-28A69AE3271B}.Debug|Any CPU.ActiveCfg = Debug|Any CPU
		{286F6385-CC38-4006-84C9-28A69AE3271B}.Debug|Any CPU.Build.0 = Debug|Any CPU
		{286F6385-CC38-4006-84C9-28A69AE3271B}.Release|Any CPU.ActiveCfg = Release|Any CPU
		{286F6385-CC38-4006-84C9-28A69AE3271B}.Release|Any CPU.Build.0 = Release|Any CPU
	EndGlobalSection
	GlobalSection(SolutionProperties) = preSolution
		HideSolutionNode = FALSE
	EndGlobalSection
	GlobalSection(ExtensibilityGlobals) = postSolution
		SolutionGuid = {DF178B82-54AE-4B40-928E-EF65BCEB5235}
	EndGlobalSection
EndGlobal
